# This file is autogenerated, do not edit; changes may be undone by the next 'dep ensure'.


[[projects]]
  name = "github.com/davecgh/go-spew"
  packages = ["spew"]
  revision = "346938d642f2ec3594ed81d874461961cd0faa76"
  version = "v1.1.0"

[[projects]]
  name = "github.com/frictionlessdata/datapackage-go"
  packages = ["clone","datapackage","validator","validator/profile_cache"]
  revision = "a6b1f88b8e45c9750e3286308af989069f195019"
  version = "0.4"

[[projects]]
  name = "github.com/frictionlessdata/tableschema-go"
  packages = ["csv","schema","table"]
  revision = "de3a51f8487b68142a2826f6ffe521222a342273"
  version = "1.1"

[[projects]]
  name = "github.com/santhosh-tekuri/jsonschema"
  packages = [".","decoders","formats","httploader","loader","mediatypes"]
  revision = "1471bfd74cff003b1e329d46a4de4487e88cc47b"
  version = "v1.2.2"

[[projects]]
  name = "github.com/satori/go.uuid"
  packages = ["."]
  revision = "f58768cc1a7a7e77a3bd49e98cdd21419399b6a3"
  version = "v1.2.0"

[[projects]]
  branch = "master"
  name = "golang.org/x/net"
  packages = ["context","context/ctxhttp"]
  revision = "db08ff08e8622530d9ed3a0e8ac279f6d4c02196"

[[projects]]
  branch = "master"
  name = "golang.org/x/time"
  packages = ["rate"]
  revision = "fbb02b2291d28baffd63558aa44b4b56f178d650"

[[projects]]
  branch = "master"
  name = "googlemaps.github.io/maps"
  packages = [".","internal"]
  revision = "74df290bd1598345263ec7556861d78fc28f7503"

[solve-meta]
  analyzer-name = "dep"
  analyzer-version = 1
  inputs-digest = "021bdcbff05e799162b4956d714065a2485572c76270d954efd118d7810a1b39"
  solver-name = "gps-cdcl"
  solver-version = 1
